github.com/square/gcmd v0.0.0-20150519005039-3d9379c261b9/go.mod h1:DCADyrG/DgGG+zd5aYoGd+at41GhHirI81KvKz84fw8=
github.com/xaviershay/erg v1.1.1/go.mod h1:RPIa9nPwBvYrrUJLZrUwLb5D+pzrK8ZcSKBaysT4pVo=
github.com/xaviershay/grange v0.0.0-20150508215210-93b89f95443d/go.mod h1:09w5HEAH4WZ07OZ41m38VOz4tc0v1mr0vblIOO5uRUI=
