github.com/deckarep/golang-set v1.7.1 h1:SCQV0S6gTtp6itiFrTqI+pfmJ4LN85S1YzhDf9rTHJQ=
github.com/deckarep/golang-set v1.7.1/go.mod h1:93vsz/8Wt4joVM7c2AVqh+YRMiUSc14yDtF28KmMOgQ=
github.com/orcaman/concurrent-map v0.0.0-20190314100340-2693aad1ed75 h1:IV56VwUb9Ludyr7s53CMuEh4DdTnnQtEPLEgLyJ0kHI=
github.com/orcaman/concurrent-map v0.0.0-20190314100340-2693aad1ed75/go.mod h1:Lu3tH6HLW3feq74c2GC+jIMS/K2CFcDWnWD9XkenwhI=
github.com/square/erg v1.2.1 h1:UwFbfH62AydbD8aN+9x9EPu7c2+ScHXvQMypgjekHPs=
github.com/square/erg v1.2.1/go.mod h1:VBs5t17gOUoQU5voWjNClyBEilVMdpRausThgaOe8vY=
github.com/square/grange v0.0.0-20181101000935-cd9e0f7898c3 h1:+23OHZptAlkh7S/AXEP24Ij/axI3i+Btd7leccZ0p+E=
github.com/square/grange v0.0.0-20181101000935-cd9e0f7898c3/go.mod h1:cw4nDWqdJQW/aODLVNssoyM6+aKMzsMGRuvritMzWl4=
github.com/xlab/handysort v0.0.0-20150421192137-fb3537ed64a1 h1:j2hhcujLRHAg872RWAV5yaUrEjHEObwDv3aImCaNLek=
github.com/xlab/handysort v0.0.0-20150421192137-fb3537ed64a1/go.mod h1:QcJo0QPSfTONNIgpN5RA8prR7fF8nkF6cTWTcNerRO8=
vbom.ml/util v0.0.0-20180919145318-efcd4e0f9787 h1:O69FD9pJA4WUZlEwYatBEEkRWKQ5cKodWpdKTrCS/iQ=
vbom.ml/util v0.0.0-20180919145318-efcd4e0f9787/go.mod h1:so/NYdZXCz+E3ZpW0uAoCj6uzU2+8OWDFv/HxUSs7kI=
